
Microsoft Visual Studio Solution File, Format Version 12.00
# Visual Studio Version 16
VisualStudioVersion = 16.0.30002.166
MinimumVisualStudioVersion = 10.0.40219.1
Project("{FAE04EC0-301F-11D3-BF4B-00C04F79EFBC}") = "calculator", "calculator.csproj", "{A211E5E4-2702-45A8-90DD-778C5BAA64CD}"
EndProject
Global
	GlobalSection(SolutionConfigurationPlatforms) = preSolution
		Debug|Any CPU = Debug|Any CPU
		Release|Any CPU = Release|Any CPU
	EndGlobalSection
	GlobalSection(ProjectConfigurationPlatforms) = postSolution
		{A211E5E4-2702-45A8-90DD-778C5BAA64CD}.Debug|Any CPU.ActiveCfg = Debug|Any CPU
		{A211E5E4-2702-45A8-90DD-778C5BAA64CD}.Debug|Any CPU.Build.0 = Debug|Any CPU
		{A211E5E4-2702-45A8-90DD-778C5BAA64CD}.Release|Any CPU.ActiveCfg = Release|Any CPU
		{A211E5E4-2702-45A8-90DD-778C5BAA64CD}.Release|Any CPU.Build.0 = Release|Any CPU
	EndGlobalSection
	GlobalSection(SolutionProperties) = preSolution
		HideSolutionNode = FALSE
	EndGlobalSection
	GlobalSection(ExtensibilityGlobals) = postSolution
		SolutionGuid = {51BC73A8-2DAD-4749-B2FB-C45915DDF764}
	EndGlobalSection
EndGlobal
